
Microsoft Visual Studio Solution File, Format Version 12.00
# Visual Studio Version 16
VisualStudioVersion = 16.0.33801.447
MinimumVisualStudioVersion = 10.0.40219.1
Project("{FAE04EC0-301F-11D3-BF4B-00C04F79EFBC}") = "ConstructorAssignment", "ConstructorAssignment.csproj", "{692EE0FD-84C7-458C-98B5-42E64FEA795C}"
EndProject
Global
	GlobalSection(SolutionConfigurationPlatforms) = preSolution
		Debug|Any CPU = Debug|Any CPU
		Release|Any CPU = Release|Any CPU
	EndGlobalSection
	GlobalSection(ProjectConfigurationPlatforms) = postSolution
		{692EE0FD-84C7-458C-98B5-42E64FEA795C}.Debug|Any CPU.ActiveCfg = Debug|Any CPU
		{692EE0FD-84C7-458C-98B5-42E64FEA795C}.Debug|Any CPU.Build.0 = Debug|Any CPU
		{692EE0FD-84C7-458C-98B5-42E64FEA795C}.Release|Any CPU.ActiveCfg = Release|Any CPU
		{692EE0FD-84C7-458C-98B5-42E64FEA795C}.Release|Any CPU.Build.0 = Release|Any CPU
	EndGlobalSection
	GlobalSection(SolutionProperties) = preSolution
		HideSolutionNode = FALSE
	EndGlobalSection
	GlobalSection(ExtensibilityGlobals) = postSolution
		SolutionGuid = {7A08C1B2-DC86-45A3-A64C-F8C62F413CCC}
	EndGlobalSection
EndGlobal
