
Microsoft Visual Studio Solution File, Format Version 12.00
# Visual Studio Version 16
VisualStudioVersion = 16.0.33801.447
MinimumVisualStudioVersion = 10.0.40219.1
Project("{FAE04EC0-301F-11D3-BF4B-00C04F79EFBC}") = "MethodClassAssignment", "MethodClassAssignment.csproj", "{0C3FDCBE-47E9-4D16-AD6B-3D77439CD89E}"
EndProject
Global
	GlobalSection(SolutionConfigurationPlatforms) = preSolution
		Debug|Any CPU = Debug|Any CPU
		Release|Any CPU = Release|Any CPU
	EndGlobalSection
	GlobalSection(ProjectConfigurationPlatforms) = postSolution
		{0C3FDCBE-47E9-4D16-AD6B-3D77439CD89E}.Debug|Any CPU.ActiveCfg = Debug|Any CPU
		{0C3FDCBE-47E9-4D16-AD6B-3D77439CD89E}.Debug|Any CPU.Build.0 = Debug|Any CPU
		{0C3FDCBE-47E9-4D16-AD6B-3D77439CD89E}.Release|Any CPU.ActiveCfg = Release|Any CPU
		{0C3FDCBE-47E9-4D16-AD6B-3D77439CD89E}.Release|Any CPU.Build.0 = Release|Any CPU
	EndGlobalSection
	GlobalSection(SolutionProperties) = preSolution
		HideSolutionNode = FALSE
	EndGlobalSection
	GlobalSection(ExtensibilityGlobals) = postSolution
		SolutionGuid = {6CC62F33-783B-4E8F-9C6A-DD60D235E0F5}
	EndGlobalSection
EndGlobal
