
Microsoft Visual Studio Solution File, Format Version 12.00
# Visual Studio Version 16
VisualStudioVersion = 16.0.33801.447
MinimumVisualStudioVersion = 10.0.40219.1
Project("{FAE04EC0-301F-11D3-BF4B-00C04F79EFBC}") = "ParsingEumsAssignment", "ParsingEumsAssignment.csproj", "{0045B92F-1351-46CD-8545-AD80A533E935}"
EndProject
Global
	GlobalSection(SolutionConfigurationPlatforms) = preSolution
		Debug|Any CPU = Debug|Any CPU
		Release|Any CPU = Release|Any CPU
	EndGlobalSection
	GlobalSection(ProjectConfigurationPlatforms) = postSolution
		{0045B92F-1351-46CD-8545-AD80A533E935}.Debug|Any CPU.ActiveCfg = Debug|Any CPU
		{0045B92F-1351-46CD-8545-AD80A533E935}.Debug|Any CPU.Build.0 = Debug|Any CPU
		{0045B92F-1351-46CD-8545-AD80A533E935}.Release|Any CPU.ActiveCfg = Release|Any CPU
		{0045B92F-1351-46CD-8545-AD80A533E935}.Release|Any CPU.Build.0 = Release|Any CPU
	EndGlobalSection
	GlobalSection(SolutionProperties) = preSolution
		HideSolutionNode = FALSE
	EndGlobalSection
	GlobalSection(ExtensibilityGlobals) = postSolution
		SolutionGuid = {47DFF140-4776-4164-BF60-D2BA4C9C7646}
	EndGlobalSection
EndGlobal
